
Microsoft Visual Studio Solution File, Format Version 12.00
# Visual Studio Version 17
VisualStudioVersion = 17.3.32901.215
MinimumVisualStudioVersion = 10.0.40219.1
Project("{FAE04EC0-301F-11D3-BF4B-00C04F79EFBC}") = "AzureTableWebApi", "AzureTableWebApi.csproj", "{73529A25-0A1C-4B2C-94C3-B75ADD70F722}"
EndProject
Global
	GlobalSection(SolutionConfigurationPlatforms) = preSolution
		Debug|Any CPU = Debug|Any CPU
		Release|Any CPU = Release|Any CPU
	EndGlobalSection
	GlobalSection(ProjectConfigurationPlatforms) = postSolution
		{73529A25-0A1C-4B2C-94C3-B75ADD70F722}.Debug|Any CPU.ActiveCfg = Debug|Any CPU
		{73529A25-0A1C-4B2C-94C3-B75ADD70F722}.Debug|Any CPU.Build.0 = Debug|Any CPU
		{73529A25-0A1C-4B2C-94C3-B75ADD70F722}.Release|Any CPU.ActiveCfg = Release|Any CPU
		{73529A25-0A1C-4B2C-94C3-B75ADD70F722}.Release|Any CPU.Build.0 = Release|Any CPU
	EndGlobalSection
	GlobalSection(SolutionProperties) = preSolution
		HideSolutionNode = FALSE
	EndGlobalSection
	GlobalSection(ExtensibilityGlobals) = postSolution
		SolutionGuid = {B6236F24-9B01-49B5-9109-4FCD628D568A}
	EndGlobalSection
EndGlobal
